
Microsoft Visual Studio Solution File, Format Version 12.00
# Visual Studio Version 17
VisualStudioVersion = 17.14.36301.6 d17.14
MinimumVisualStudioVersion = 10.0.40219.1
Project("{FAE04EC0-301F-11D3-BF4B-00C04F79EFBC}") = "FlightSchedule", "FlightSchedule\FlightSchedule.csproj", "{4E53AE2D-7A66-49DD-B9F5-15FB46447A05}"
EndProject
Global
	GlobalSection(SolutionConfigurationPlatforms) = preSolution
		Debug|Any CPU = Debug|Any CPU
		Release|Any CPU = Release|Any CPU
	EndGlobalSection
	GlobalSection(ProjectConfigurationPlatforms) = postSolution
		{4E53AE2D-7A66-49DD-B9F5-15FB46447A05}.Debug|Any CPU.ActiveCfg = Debug|Any CPU
		{4E53AE2D-7A66-49DD-B9F5-15FB46447A05}.Debug|Any CPU.Build.0 = Debug|Any CPU
		{4E53AE2D-7A66-49DD-B9F5-15FB46447A05}.Release|Any CPU.ActiveCfg = Release|Any CPU
		{4E53AE2D-7A66-49DD-B9F5-15FB46447A05}.Release|Any CPU.Build.0 = Release|Any CPU
	EndGlobalSection
	GlobalSection(SolutionProperties) = preSolution
		HideSolutionNode = FALSE
	EndGlobalSection
	GlobalSection(ExtensibilityGlobals) = postSolution
		SolutionGuid = {CEBF8FD7-33C3-42F1-BEEA-797247310D75}
	EndGlobalSection
EndGlobal
